
Microsoft Visual Studio Solution File, Format Version 12.00
# Visual Studio Version 17
VisualStudioVersion = 17.4.33213.308
MinimumVisualStudioVersion = 10.0.40219.1
Project("{FAE04EC0-301F-11D3-BF4B-00C04F79EFBC}") = "API", "API.csproj", "{9B42C1AD-2531-47D9-A1F8-2FC9AE2EB20A}"
EndProject
Global
	GlobalSection(SolutionConfigurationPlatforms) = preSolution
		Debug|Any CPU = Debug|Any CPU
		Release|Any CPU = Release|Any CPU
	EndGlobalSection
	GlobalSection(ProjectConfigurationPlatforms) = postSolution
		{9B42C1AD-2531-47D9-A1F8-2FC9AE2EB20A}.Debug|Any CPU.ActiveCfg = Debug|Any CPU
		{9B42C1AD-2531-47D9-A1F8-2FC9AE2EB20A}.Debug|Any CPU.Build.0 = Debug|Any CPU
		{9B42C1AD-2531-47D9-A1F8-2FC9AE2EB20A}.Release|Any CPU.ActiveCfg = Release|Any CPU
		{9B42C1AD-2531-47D9-A1F8-2FC9AE2EB20A}.Release|Any CPU.Build.0 = Release|Any CPU
	EndGlobalSection
	GlobalSection(SolutionProperties) = preSolution
		HideSolutionNode = FALSE
	EndGlobalSection
	GlobalSection(ExtensibilityGlobals) = postSolution
		SolutionGuid = {92551AC5-B06B-4BF9-BCCC-4A6526E862B7}
	EndGlobalSection
EndGlobal
